
Microsoft Visual Studio Solution File, Format Version 12.00
Project("{FAE04EC0-301F-11D3-BF4B-00C04F79EFBC}") = "Puregold.Infra", "Puregold.Infra\Puregold.Infra.csproj", "{3DAD7032-032B-45B4-955E-CFADCDB758C5}"
EndProject
Project("{FAE04EC0-301F-11D3-BF4B-00C04F79EFBC}") = "Puregold.Domain", "Puregold.Domain\Puregold.Domain.csproj", "{653A202E-993B-4FB7-B17D-ED66A1376BAA}"
EndProject
Project("{FAE04EC0-301F-11D3-BF4B-00C04F79EFBC}") = "Puregold.Application", "Puregold.Application\Puregold.Application.csproj", "{5A82496B-4D84-430B-9459-9C8C1294B847}"
EndProject
Project("{FAE04EC0-301F-11D3-BF4B-00C04F79EFBC}") = "Puregold.Api", "Puregold.Api\Puregold.Api.csproj", "{7B6B57D0-6F93-43B7-BFA4-B393CF0D5298}"
EndProject
Global
	GlobalSection(SolutionConfigurationPlatforms) = preSolution
		Debug|Any CPU = Debug|Any CPU
		Release|Any CPU = Release|Any CPU
	EndGlobalSection
	GlobalSection(ProjectConfigurationPlatforms) = postSolution
		{3DAD7032-032B-45B4-955E-CFADCDB758C5}.Debug|Any CPU.ActiveCfg = Debug|Any CPU
		{3DAD7032-032B-45B4-955E-CFADCDB758C5}.Debug|Any CPU.Build.0 = Debug|Any CPU
		{3DAD7032-032B-45B4-955E-CFADCDB758C5}.Release|Any CPU.ActiveCfg = Release|Any CPU
		{3DAD7032-032B-45B4-955E-CFADCDB758C5}.Release|Any CPU.Build.0 = Release|Any CPU
		{653A202E-993B-4FB7-B17D-ED66A1376BAA}.Debug|Any CPU.ActiveCfg = Debug|Any CPU
		{653A202E-993B-4FB7-B17D-ED66A1376BAA}.Debug|Any CPU.Build.0 = Debug|Any CPU
		{653A202E-993B-4FB7-B17D-ED66A1376BAA}.Release|Any CPU.ActiveCfg = Release|Any CPU
		{653A202E-993B-4FB7-B17D-ED66A1376BAA}.Release|Any CPU.Build.0 = Release|Any CPU
		{5A82496B-4D84-430B-9459-9C8C1294B847}.Debug|Any CPU.ActiveCfg = Debug|Any CPU
		{5A82496B-4D84-430B-9459-9C8C1294B847}.Debug|Any CPU.Build.0 = Debug|Any CPU
		{5A82496B-4D84-430B-9459-9C8C1294B847}.Release|Any CPU.ActiveCfg = Release|Any CPU
		{5A82496B-4D84-430B-9459-9C8C1294B847}.Release|Any CPU.Build.0 = Release|Any CPU
		{7B6B57D0-6F93-43B7-BFA4-B393CF0D5298}.Debug|Any CPU.ActiveCfg = Debug|Any CPU
		{7B6B57D0-6F93-43B7-BFA4-B393CF0D5298}.Debug|Any CPU.Build.0 = Debug|Any CPU
		{7B6B57D0-6F93-43B7-BFA4-B393CF0D5298}.Release|Any CPU.ActiveCfg = Release|Any CPU
		{7B6B57D0-6F93-43B7-BFA4-B393CF0D5298}.Release|Any CPU.Build.0 = Release|Any CPU
	EndGlobalSection
EndGlobal
